// !$*UTF8*$!
{
	archiveVersion = 1;
	classes = {
	};
	objectVersion = 55;
	objects = {

/* Begin PBXBuildFile section */
		4B4002672883B1DB00A9ED62 /* ProjectTests.swift in Sources */ = {isa = PBXBuildFile; fileRef = 4B4002662883B1DB00A9ED62 /* ProjectTests.swift */; };
		4B4002692883BE1A00A9ED62 /* AwardTests.swift in Sources */ = {isa = PBXBuildFile; fileRef = 4B4002682883BE1A00A9ED62 /* AwardTests.swift */; };
		4B5381E0286D378A0020DA95 /* ProjectHeaderView.swift in Sources */ = {isa = PBXBuildFile; fileRef = 4B5381DF286D378A0020DA95 /* ProjectHeaderView.swift */; };
		4B71B4CD287BF77B003BFA80 /* Color-Additions.swift in Sources */ = {isa = PBXBuildFile; fileRef = 4B71B4CC287BF77B003BFA80 /* Color-Additions.swift */; };
		4B884E93286C3F5A006979BA /* EditItemView.swift in Sources */ = {isa = PBXBuildFile; fileRef = 4B884E92286C3F5A006979BA /* EditItemView.swift */; };
		4B884E95286C4297006979BA /* ItemRowView.swift in Sources */ = {isa = PBXBuildFile; fileRef = 4B884E94286C4297006979BA /* ItemRowView.swift */; };
		4B884E97286C487E006979BA /* Binding-OnChange.swift in Sources */ = {isa = PBXBuildFile; fileRef = 4B884E96286C487E006979BA /* Binding-OnChange.swift */; };
		4B8863872862A3ED000EE1C3 /* ProgressTrackerApp.swift in Sources */ = {isa = PBXBuildFile; fileRef = 4B8863862862A3ED000EE1C3 /* ProgressTrackerApp.swift */; };
		4B8863892862A3ED000EE1C3 /* ContentView.swift in Sources */ = {isa = PBXBuildFile; fileRef = 4B8863882862A3ED000EE1C3 /* ContentView.swift */; };
		4B88638B2862A3EF000EE1C3 /* Assets.xcassets in Resources */ = {isa = PBXBuildFile; fileRef = 4B88638A2862A3EF000EE1C3 /* Assets.xcassets */; };
		4B88638E2862A3EF000EE1C3 /* Preview Assets.xcassets in Resources */ = {isa = PBXBuildFile; fileRef = 4B88638D2862A3EF000EE1C3 /* Preview Assets.xcassets */; };
		4B8863962862A411000EE1C3 /* Main.xcdatamodeld in Sources */ = {isa = PBXBuildFile; fileRef = 4B8863942862A411000EE1C3 /* Main.xcdatamodeld */; };
		4B8863982862AD88000EE1C3 /* DataController.swift in Sources */ = {isa = PBXBuildFile; fileRef = 4B8863972862AD88000EE1C3 /* DataController.swift */; };
		4B8969842881095800C8F38A /* ProgressTrackerTests.swift in Sources */ = {isa = PBXBuildFile; fileRef = 4B8969832881095800C8F38A /* ProgressTrackerTests.swift */; };
		4B89698B28810AD000C8F38A /* AssetTest.swift in Sources */ = {isa = PBXBuildFile; fileRef = 4B89698A28810AD000C8F38A /* AssetTest.swift */; };
		4BA4D224287D3B7A00BA0060 /* Localizable.strings in Resources */ = {isa = PBXBuildFile; fileRef = 4BA4D226287D3B7A00BA0060 /* Localizable.strings */; };
		4BA4D228287D3C7C00BA0060 /* Localizable.stringsdict in Resources */ = {isa = PBXBuildFile; fileRef = 4BA4D22A287D3C7C00BA0060 /* Localizable.stringsdict */; };
		4BA4D22C287D3D7000BA0060 /* Awards.json in Resources */ = {isa = PBXBuildFile; fileRef = 4BA4D22E287D3D7000BA0060 /* Awards.json */; };
		4BAC60A7287670EB00C84166 /* Bundle-Decodable.swift in Sources */ = {isa = PBXBuildFile; fileRef = 4BAC60A6287670EB00C84166 /* Bundle-Decodable.swift */; };
		4BAC60AB2876717200C84166 /* Award.swift in Sources */ = {isa = PBXBuildFile; fileRef = 4BAC60AA2876717200C84166 /* Award.swift */; };
		4BAC60AD287671B800C84166 /* AwardsView.swift in Sources */ = {isa = PBXBuildFile; fileRef = 4BAC60AC287671B800C84166 /* AwardsView.swift */; };
		4BC57D812865523D0004C701 /* Item-CoreDataHelpers.swift in Sources */ = {isa = PBXBuildFile; fileRef = 4BC57D802865523D0004C701 /* Item-CoreDataHelpers.swift */; };
		4BC57D83286553130004C701 /* Project-CoreDataHelpers.swift in Sources */ = {isa = PBXBuildFile; fileRef = 4BC57D82286553130004C701 /* Project-CoreDataHelpers.swift */; };
		4BC5F4CA2884C55200B69A3A /* DevelopmentTests.swift in Sources */ = {isa = PBXBuildFile; fileRef = 4BC5F4C92884C55200B69A3A /* DevelopmentTests.swift */; };
		4BC5F4CC2884D42000B69A3A /* ExtensionTests.swift in Sources */ = {isa = PBXBuildFile; fileRef = 4BC5F4CB2884D42000B69A3A /* ExtensionTests.swift */; };
		4BC5F4CF2884D6DF00B69A3A /* DecodableDictionary.json in Resources */ = {isa = PBXBuildFile; fileRef = 4BC5F4CE2884D6DF00B69A3A /* DecodableDictionary.json */; };
		4BC5F4D12884D70500B69A3A /* DecodableString.json in Resources */ = {isa = PBXBuildFile; fileRef = 4BC5F4D02884D70500B69A3A /* DecodableString.json */; };
		4BC9F9C928730295007FAB2B /* Sequence-Sorting.swift in Sources */ = {isa = PBXBuildFile; fileRef = 4BC9F9C828730295007FAB2B /* Sequence-Sorting.swift */; };
		4BC9F9CB28730CC8007FAB2B /* SelectSomethingView.swift in Sources */ = {isa = PBXBuildFile; fileRef = 4BC9F9CA28730CC8007FAB2B /* SelectSomethingView.swift */; };
		4BE1723A2863B28C0039EAC8 /* HomeView.swift in Sources */ = {isa = PBXBuildFile; fileRef = 4BE172392863B28C0039EAC8 /* HomeView.swift */; };
		4BE1723C2863B4DC0039EAC8 /* ProjectsView.swift in Sources */ = {isa = PBXBuildFile; fileRef = 4BE1723B2863B4DC0039EAC8 /* ProjectsView.swift */; };
		4BECC67A286E768E00B76D54 /* Colors.xcassets in Resources */ = {isa = PBXBuildFile; fileRef = 4BECC679286E768D00B76D54 /* Colors.xcassets */; };
		4BECC67C286E779900B76D54 /* EditProjectView.swift in Sources */ = {isa = PBXBuildFile; fileRef = 4BECC67B286E779900B76D54 /* EditProjectView.swift */; };
		4BF4719D287FB5DB00348FDB /* ItemListView.swift in Sources */ = {isa = PBXBuildFile; fileRef = 4BF4719C287FB5DB00348FDB /* ItemListView.swift */; };
		4BF4719F287FB65B00348FDB /* ProjectSummaryView.swift in Sources */ = {isa = PBXBuildFile; fileRef = 4BF4719E287FB65B00348FDB /* ProjectSummaryView.swift */; };
/* End PBXBuildFile section */

/* Begin PBXContainerItemProxy section */
		4B8969852881095800C8F38A /* PBXContainerItemProxy */ = {
			isa = PBXContainerItemProxy;
			containerPortal = 4B88637B2862A3ED000EE1C3 /* Project object */;
			proxyType = 1;
			remoteGlobalIDString = 4B8863822862A3ED000EE1C3;
			remoteInfo = ProgressTracker;
		};
/* End PBXContainerItemProxy section */

/* Begin PBXFileReference section */
		4B4002662883B1DB00A9ED62 /* ProjectTests.swift */ = {isa = PBXFileReference; lastKnownFileType = sourcecode.swift; path = ProjectTests.swift; sourceTree = "<group>"; };
		4B4002682883BE1A00A9ED62 /* AwardTests.swift */ = {isa = PBXFileReference; lastKnownFileType = sourcecode.swift; path = AwardTests.swift; sourceTree = "<group>"; };
		4B5381DF286D378A0020DA95 /* ProjectHeaderView.swift */ = {isa = PBXFileReference; lastKnownFileType = sourcecode.swift; path = ProjectHeaderView.swift; sourceTree = "<group>"; };
		4B71B4CC287BF77B003BFA80 /* Color-Additions.swift */ = {isa = PBXFileReference; lastKnownFileType = sourcecode.swift; path = "Color-Additions.swift"; sourceTree = "<group>"; };
		4B884E92286C3F5A006979BA /* EditItemView.swift */ = {isa = PBXFileReference; lastKnownFileType = sourcecode.swift; path = EditItemView.swift; sourceTree = "<group>"; };
		4B884E94286C4297006979BA /* ItemRowView.swift */ = {isa = PBXFileReference; lastKnownFileType = sourcecode.swift; path = ItemRowView.swift; sourceTree = "<group>"; };
		4B884E96286C487E006979BA /* Binding-OnChange.swift */ = {isa = PBXFileReference; lastKnownFileType = sourcecode.swift; path = "Binding-OnChange.swift"; sourceTree = "<group>"; };
		4B8863832862A3ED000EE1C3 /* ProgressTracker.app */ = {isa = PBXFileReference; explicitFileType = wrapper.application; includeInIndex = 0; path = ProgressTracker.app; sourceTree = BUILT_PRODUCTS_DIR; };
		4B8863862862A3ED000EE1C3 /* ProgressTrackerApp.swift */ = {isa = PBXFileReference; lastKnownFileType = sourcecode.swift; path = ProgressTrackerApp.swift; sourceTree = "<group>"; };
		4B8863882862A3ED000EE1C3 /* ContentView.swift */ = {isa = PBXFileReference; lastKnownFileType = sourcecode.swift; path = ContentView.swift; sourceTree = "<group>"; };
		4B88638A2862A3EF000EE1C3 /* Assets.xcassets */ = {isa = PBXFileReference; lastKnownFileType = folder.assetcatalog; path = Assets.xcassets; sourceTree = "<group>"; };
		4B88638D2862A3EF000EE1C3 /* Preview Assets.xcassets */ = {isa = PBXFileReference; lastKnownFileType = folder.assetcatalog; path = "Preview Assets.xcassets"; sourceTree = "<group>"; };
		4B8863952862A411000EE1C3 /* Main.xcdatamodel */ = {isa = PBXFileReference; lastKnownFileType = wrapper.xcdatamodel; path = Main.xcdatamodel; sourceTree = "<group>"; };
		4B8863972862AD88000EE1C3 /* DataController.swift */ = {isa = PBXFileReference; lastKnownFileType = sourcecode.swift; path = DataController.swift; sourceTree = "<group>"; };
		4B8863992862B82D000EE1C3 /* Info.plist */ = {isa = PBXFileReference; lastKnownFileType = text.plist.xml; path = Info.plist; sourceTree = "<group>"; };
		4B8969812881095800C8F38A /* ProgressTrackerTests.xctest */ = {isa = PBXFileReference; explicitFileType = wrapper.cfbundle; includeInIndex = 0; path = ProgressTrackerTests.xctest; sourceTree = BUILT_PRODUCTS_DIR; };
		4B8969832881095800C8F38A /* ProgressTrackerTests.swift */ = {isa = PBXFileReference; lastKnownFileType = sourcecode.swift; path = ProgressTrackerTests.swift; sourceTree = "<group>"; };
		4B89698A28810AD000C8F38A /* AssetTest.swift */ = {isa = PBXFileReference; lastKnownFileType = sourcecode.swift; path = AssetTest.swift; sourceTree = "<group>"; };
		4BA4D225287D3B7A00BA0060 /* en */ = {isa = PBXFileReference; lastKnownFileType = text.plist.strings; name = en; path = en.lproj/Localizable.strings; sourceTree = "<group>"; };
		4BA4D227287D3B8A00BA0060 /* es-419 */ = {isa = PBXFileReference; lastKnownFileType = text.plist.strings; name = "es-419"; path = "es-419.lproj/Localizable.strings"; sourceTree = "<group>"; };
		4BA4D229287D3C7C00BA0060 /* en */ = {isa = PBXFileReference; lastKnownFileType = text.plist.stringsdict; name = en; path = en.lproj/Localizable.stringsdict; sourceTree = "<group>"; };
		4BA4D22B287D3C8000BA0060 /* es-419 */ = {isa = PBXFileReference; lastKnownFileType = text.plist.stringsdict; name = "es-419"; path = "es-419.lproj/Localizable.stringsdict"; sourceTree = "<group>"; };
		4BA4D22F287D3D7C00BA0060 /* en */ = {isa = PBXFileReference; lastKnownFileType = text.json; name = en; path = en.lproj/Awards.json; sourceTree = "<group>"; };
		4BA4D230287D3D7D00BA0060 /* es-419 */ = {isa = PBXFileReference; lastKnownFileType = text.json; name = "es-419"; path = "es-419.lproj/Awards.json"; sourceTree = "<group>"; };
		4BAC60A6287670EB00C84166 /* Bundle-Decodable.swift */ = {isa = PBXFileReference; lastKnownFileType = sourcecode.swift; path = "Bundle-Decodable.swift"; sourceTree = "<group>"; };
		4BAC60AA2876717200C84166 /* Award.swift */ = {isa = PBXFileReference; lastKnownFileType = sourcecode.swift; path = Award.swift; sourceTree = "<group>"; };
		4BAC60AC287671B800C84166 /* AwardsView.swift */ = {isa = PBXFileReference; lastKnownFileType = sourcecode.swift; path = AwardsView.swift; sourceTree = "<group>"; };
		4BC57D802865523D0004C701 /* Item-CoreDataHelpers.swift */ = {isa = PBXFileReference; lastKnownFileType = sourcecode.swift; path = "Item-CoreDataHelpers.swift"; sourceTree = "<group>"; };
		4BC57D82286553130004C701 /* Project-CoreDataHelpers.swift */ = {isa = PBXFileReference; lastKnownFileType = sourcecode.swift; path = "Project-CoreDataHelpers.swift"; sourceTree = "<group>"; };
		4BC5F4C92884C55200B69A3A /* DevelopmentTests.swift */ = {isa = PBXFileReference; lastKnownFileType = sourcecode.swift; path = DevelopmentTests.swift; sourceTree = "<group>"; };
		4BC5F4CB2884D42000B69A3A /* ExtensionTests.swift */ = {isa = PBXFileReference; lastKnownFileType = sourcecode.swift; path = ExtensionTests.swift; sourceTree = "<group>"; };
		4BC5F4CE2884D6DF00B69A3A /* DecodableDictionary.json */ = {isa = PBXFileReference; lastKnownFileType = text.json; path = DecodableDictionary.json; sourceTree = "<group>"; };
		4BC5F4D02884D70500B69A3A /* DecodableString.json */ = {isa = PBXFileReference; lastKnownFileType = text.json; path = DecodableString.json; sourceTree = "<group>"; };
		4BC9F9C828730295007FAB2B /* Sequence-Sorting.swift */ = {isa = PBXFileReference; lastKnownFileType = sourcecode.swift; path = "Sequence-Sorting.swift"; sourceTree = "<group>"; };
		4BC9F9CA28730CC8007FAB2B /* SelectSomethingView.swift */ = {isa = PBXFileReference; lastKnownFileType = sourcecode.swift; path = SelectSomethingView.swift; sourceTree = "<group>"; };
		4BE172392863B28C0039EAC8 /* HomeView.swift */ = {isa = PBXFileReference; lastKnownFileType = sourcecode.swift; path = HomeView.swift; sourceTree = "<group>"; };
		4BE1723B2863B4DC0039EAC8 /* ProjectsView.swift */ = {isa = PBXFileReference; lastKnownFileType = sourcecode.swift; path = ProjectsView.swift; sourceTree = "<group>"; };
		4BECC679286E768D00B76D54 /* Colors.xcassets */ = {isa = PBXFileReference; lastKnownFileType = folder.assetcatalog; path = Colors.xcassets; sourceTree = "<group>"; };
		4BECC67B286E779900B76D54 /* EditProjectView.swift */ = {isa = PBXFileReference; lastKnownFileType = sourcecode.swift; path = EditProjectView.swift; sourceTree = "<group>"; };
		4BF4719C287FB5DB00348FDB /* ItemListView.swift */ = {isa = PBXFileReference; lastKnownFileType = sourcecode.swift; path = ItemListView.swift; sourceTree = "<group>"; };
		4BF4719E287FB65B00348FDB /* ProjectSummaryView.swift */ = {isa = PBXFileReference; lastKnownFileType = sourcecode.swift; path = ProjectSummaryView.swift; sourceTree = "<group>"; };
/* End PBXFileReference section */

/* Begin PBXFrameworksBuildPhase section */
		4B8863802862A3ED000EE1C3 /* Frameworks */ = {
			isa = PBXFrameworksBuildPhase;
			buildActionMask = 2147483647;
			files = (
			);
			runOnlyForDeploymentPostprocessing = 0;
		};
		4B89697E2881095800C8F38A /* Frameworks */ = {
			isa = PBXFrameworksBuildPhase;
			buildActionMask = 2147483647;
			files = (
			);
			runOnlyForDeploymentPostprocessing = 0;
		};
/* End PBXFrameworksBuildPhase section */

/* Begin PBXGroup section */
		4B88637A2862A3ED000EE1C3 = {
			isa = PBXGroup;
			children = (
				4B8863852862A3ED000EE1C3 /* ProgressTracker */,
				4B8969822881095800C8F38A /* ProgressTrackerTests */,
				4B8863842862A3ED000EE1C3 /* Products */,
			);
			sourceTree = "<group>";
		};
		4B8863842862A3ED000EE1C3 /* Products */ = {
			isa = PBXGroup;
			children = (
				4B8863832862A3ED000EE1C3 /* ProgressTracker.app */,
				4B8969812881095800C8F38A /* ProgressTrackerTests.xctest */,
			);
			name = Products;
			sourceTree = "<group>";
		};
		4B8863852862A3ED000EE1C3 /* ProgressTracker */ = {
			isa = PBXGroup;
			children = (
				4BF471A42880188F00348FDB /* Activities */,
				4B88638A2862A3EF000EE1C3 /* Assets.xcassets */,
				4BECC679286E768D00B76D54 /* Colors.xcassets */,
				4B8863882862A3ED000EE1C3 /* ContentView.swift */,
				4B8863972862AD88000EE1C3 /* DataController.swift */,
				4BF471A72880195B00348FDB /* Configuration */,
				4BF471A52880194400348FDB /* Extensions */,
				4BF471A62880194F00348FDB /* Localization */,
				4B88638C2862A3EF000EE1C3 /* Preview Content */,
				4B8863862862A3ED000EE1C3 /* ProgressTrackerApp.swift */,
			);
			path = ProgressTracker;
			sourceTree = "<group>";
		};
		4B88638C2862A3EF000EE1C3 /* Preview Content */ = {
			isa = PBXGroup;
			children = (
				4B88638D2862A3EF000EE1C3 /* Preview Assets.xcassets */,
			);
			path = "Preview Content";
			sourceTree = "<group>";
		};
		4B8969822881095800C8F38A /* ProgressTrackerTests */ = {
			isa = PBXGroup;
			children = (
				4BC5F4CD2884D6AE00B69A3A /* TestFixtures */,
				4B8969832881095800C8F38A /* ProgressTrackerTests.swift */,
				4B89698A28810AD000C8F38A /* AssetTest.swift */,
				4B4002662883B1DB00A9ED62 /* ProjectTests.swift */,
				4B4002682883BE1A00A9ED62 /* AwardTests.swift */,
				4BC5F4C92884C55200B69A3A /* DevelopmentTests.swift */,
			);
			path = ProgressTrackerTests;
			sourceTree = "<group>";
		};
		4BC5F4CD2884D6AE00B69A3A /* TestFixtures */ = {
			isa = PBXGroup;
			children = (
				4BC5F4CE2884D6DF00B69A3A /* DecodableDictionary.json */,
				4BC5F4D02884D70500B69A3A /* DecodableString.json */,
			);
			path = TestFixtures;
			sourceTree = "<group>";
		};
		4BF471A42880188F00348FDB /* Activities */ = {
			isa = PBXGroup;
			children = (
				4BF471A928801E6800348FDB /* Projects */,
				4BF471A828801E6200348FDB /* Home */,
				4BF471AA28801E6E00348FDB /* Awards */,
			);
			path = Activities;
			sourceTree = "<group>";
		};
		4BF471A52880194400348FDB /* Extensions */ = {
			isa = PBXGroup;
			children = (
				4BC57D802865523D0004C701 /* Item-CoreDataHelpers.swift */,
				4BC57D82286553130004C701 /* Project-CoreDataHelpers.swift */,
				4B884E96286C487E006979BA /* Binding-OnChange.swift */,
				4BAC60A6287670EB00C84166 /* Bundle-Decodable.swift */,
				4BC9F9C828730295007FAB2B /* Sequence-Sorting.swift */,
				4B71B4CC287BF77B003BFA80 /* Color-Additions.swift */,
			);
			path = Extensions;
			sourceTree = "<group>";
		};
		4BF471A62880194F00348FDB /* Localization */ = {
			isa = PBXGroup;
			children = (
				4BA4D226287D3B7A00BA0060 /* Localizable.strings */,
				4BA4D22A287D3C7C00BA0060 /* Localizable.stringsdict */,
			);
			path = Localization;
			sourceTree = "<group>";
		};
		4BF471A72880195B00348FDB /* Configuration */ = {
			isa = PBXGroup;
			children = (
				4B8863942862A411000EE1C3 /* Main.xcdatamodeld */,
				4B8863992862B82D000EE1C3 /* Info.plist */,
			);
			path = Configuration;
			sourceTree = "<group>";
		};
		4BF471A828801E6200348FDB /* Home */ = {
			isa = PBXGroup;
			children = (
				4BE172392863B28C0039EAC8 /* HomeView.swift */,
				4BF4719C287FB5DB00348FDB /* ItemListView.swift */,
				4BF4719E287FB65B00348FDB /* ProjectSummaryView.swift */,
				4BC5F4CB2884D42000B69A3A /* ExtensionTests.swift */,
			);
			path = Home;
			sourceTree = "<group>";
		};
		4BF471A928801E6800348FDB /* Projects */ = {
			isa = PBXGroup;
			children = (
				4BE1723B2863B4DC0039EAC8 /* ProjectsView.swift */,
				4BC9F9CA28730CC8007FAB2B /* SelectSomethingView.swift */,
				4B5381DF286D378A0020DA95 /* ProjectHeaderView.swift */,
				4B884E94286C4297006979BA /* ItemRowView.swift */,
				4B884E92286C3F5A006979BA /* EditItemView.swift */,
				4BECC67B286E779900B76D54 /* EditProjectView.swift */,
			);
			path = Projects;
			sourceTree = "<group>";
		};
		4BF471AA28801E6E00348FDB /* Awards */ = {
			isa = PBXGroup;
			children = (
				4BAC60AC287671B800C84166 /* AwardsView.swift */,
				4BAC60AA2876717200C84166 /* Award.swift */,
				4BA4D22E287D3D7000BA0060 /* Awards.json */,
			);
			path = Awards;
			sourceTree = "<group>";
		};
/* End PBXGroup section */

/* Begin PBXNativeTarget section */
		4B8863822862A3ED000EE1C3 /* ProgressTracker */ = {
			isa = PBXNativeTarget;
			buildConfigurationList = 4B8863912862A3EF000EE1C3 /* Build configuration list for PBXNativeTarget "ProgressTracker" */;
			buildPhases = (
				4BF471A0287FFCD600348FDB /* SwiftLint */,
				4B88637F2862A3ED000EE1C3 /* Sources */,
				4B8863802862A3ED000EE1C3 /* Frameworks */,
				4B8863812862A3ED000EE1C3 /* Resources */,
			);
			buildRules = (
			);
			dependencies = (
			);
			name = ProgressTracker;
			productName = ProgressTracker;
			productReference = 4B8863832862A3ED000EE1C3 /* ProgressTracker.app */;
			productType = "com.apple.product-type.application";
		};
		4B8969802881095800C8F38A /* ProgressTrackerTests */ = {
			isa = PBXNativeTarget;
			buildConfigurationList = 4B8969892881095800C8F38A /* Build configuration list for PBXNativeTarget "ProgressTrackerTests" */;
			buildPhases = (
				4B89697D2881095800C8F38A /* Sources */,
				4B89697E2881095800C8F38A /* Frameworks */,
				4B89697F2881095800C8F38A /* Resources */,
			);
			buildRules = (
			);
			dependencies = (
				4B8969862881095800C8F38A /* PBXTargetDependency */,
			);
			name = ProgressTrackerTests;
			productName = ProgressTrackerTests;
			productReference = 4B8969812881095800C8F38A /* ProgressTrackerTests.xctest */;
			productType = "com.apple.product-type.bundle.unit-test";
		};
/* End PBXNativeTarget section */

/* Begin PBXProject section */
		4B88637B2862A3ED000EE1C3 /* Project object */ = {
			isa = PBXProject;
			attributes = {
				BuildIndependentTargetsInParallel = 1;
				LastSwiftUpdateCheck = 1340;
				LastUpgradeCheck = 1340;
				TargetAttributes = {
					4B8863822862A3ED000EE1C3 = {
						CreatedOnToolsVersion = 13.4.1;
					};
					4B8969802881095800C8F38A = {
						CreatedOnToolsVersion = 13.4.1;
						TestTargetID = 4B8863822862A3ED000EE1C3;
					};
				};
			};
			buildConfigurationList = 4B88637E2862A3ED000EE1C3 /* Build configuration list for PBXProject "ProgressTracker" */;
			compatibilityVersion = "Xcode 13.0";
			developmentRegion = en;
			hasScannedForEncodings = 0;
			knownRegions = (
				en,
				Base,
				"es-419",
			);
			mainGroup = 4B88637A2862A3ED000EE1C3;
			productRefGroup = 4B8863842862A3ED000EE1C3 /* Products */;
			projectDirPath = "";
			projectRoot = "";
			targets = (
				4B8863822862A3ED000EE1C3 /* ProgressTracker */,
				4B8969802881095800C8F38A /* ProgressTrackerTests */,
			);
		};
/* End PBXProject section */

/* Begin PBXResourcesBuildPhase section */
		4B8863812862A3ED000EE1C3 /* Resources */ = {
			isa = PBXResourcesBuildPhase;
			buildActionMask = 2147483647;
			files = (
				4BA4D224287D3B7A00BA0060 /* Localizable.strings in Resources */,
				4BECC67A286E768E00B76D54 /* Colors.xcassets in Resources */,
				4BA4D22C287D3D7000BA0060 /* Awards.json in Resources */,
				4B88638E2862A3EF000EE1C3 /* Preview Assets.xcassets in Resources */,
				4B88638B2862A3EF000EE1C3 /* Assets.xcassets in Resources */,
				4BA4D228287D3C7C00BA0060 /* Localizable.stringsdict in Resources */,
			);
			runOnlyForDeploymentPostprocessing = 0;
		};
		4B89697F2881095800C8F38A /* Resources */ = {
			isa = PBXResourcesBuildPhase;
			buildActionMask = 2147483647;
			files = (
				4BC5F4D12884D70500B69A3A /* DecodableString.json in Resources */,
				4BC5F4CF2884D6DF00B69A3A /* DecodableDictionary.json in Resources */,
			);
			runOnlyForDeploymentPostprocessing = 0;
		};
/* End PBXResourcesBuildPhase section */

/* Begin PBXShellScriptBuildPhase section */
		4BF471A0287FFCD600348FDB /* SwiftLint */ = {
			isa = PBXShellScriptBuildPhase;
			buildActionMask = 2147483647;
			files = (
			);
			inputFileListPaths = (
			);
			inputPaths = (
			);
			name = SwiftLint;
			outputFileListPaths = (
			);
			outputPaths = (
			);
			runOnlyForDeploymentPostprocessing = 0;
			shellPath = /bin/sh;
			shellScript = "if which swiftlint >/dev/null; then\n  swiftlint\nelse\n  echo \"warning: SwiftLint not installed, download from https://github.com/realm/SwiftLint\"\nfi\n";
		};
/* End PBXShellScriptBuildPhase section */

/* Begin PBXSourcesBuildPhase section */
		4B88637F2862A3ED000EE1C3 /* Sources */ = {
			isa = PBXSourcesBuildPhase;
			buildActionMask = 2147483647;
			files = (
				4BE1723C2863B4DC0039EAC8 /* ProjectsView.swift in Sources */,
				4BF4719F287FB65B00348FDB /* ProjectSummaryView.swift in Sources */,
				4B5381E0286D378A0020DA95 /* ProjectHeaderView.swift in Sources */,
				4BAC60AD287671B800C84166 /* AwardsView.swift in Sources */,
				4B8863962862A411000EE1C3 /* Main.xcdatamodeld in Sources */,
				4BC57D83286553130004C701 /* Project-CoreDataHelpers.swift in Sources */,
				4B71B4CD287BF77B003BFA80 /* Color-Additions.swift in Sources */,
				4BECC67C286E779900B76D54 /* EditProjectView.swift in Sources */,
				4B8863982862AD88000EE1C3 /* DataController.swift in Sources */,
				4BC9F9CB28730CC8007FAB2B /* SelectSomethingView.swift in Sources */,
				4BAC60AB2876717200C84166 /* Award.swift in Sources */,
				4B884E95286C4297006979BA /* ItemRowView.swift in Sources */,
				4B8863892862A3ED000EE1C3 /* ContentView.swift in Sources */,
				4B884E97286C487E006979BA /* Binding-OnChange.swift in Sources */,
				4BC9F9C928730295007FAB2B /* Sequence-Sorting.swift in Sources */,
				4BAC60A7287670EB00C84166 /* Bundle-Decodable.swift in Sources */,
				4BF4719D287FB5DB00348FDB /* ItemListView.swift in Sources */,
				4BE1723A2863B28C0039EAC8 /* HomeView.swift in Sources */,
				4B8863872862A3ED000EE1C3 /* ProgressTrackerApp.swift in Sources */,
				4BC57D812865523D0004C701 /* Item-CoreDataHelpers.swift in Sources */,
				4B884E93286C3F5A006979BA /* EditItemView.swift in Sources */,
			);
			runOnlyForDeploymentPostprocessing = 0;
		};
		4B89697D2881095800C8F38A /* Sources */ = {
			isa = PBXSourcesBuildPhase;
			buildActionMask = 2147483647;
			files = (
				4B89698B28810AD000C8F38A /* AssetTest.swift in Sources */,
				4B4002692883BE1A00A9ED62 /* AwardTests.swift in Sources */,
				4B8969842881095800C8F38A /* ProgressTrackerTests.swift in Sources */,
				4BC5F4CC2884D42000B69A3A /* ExtensionTests.swift in Sources */,
				4B4002672883B1DB00A9ED62 /* ProjectTests.swift in Sources */,
				4BC5F4CA2884C55200B69A3A /* DevelopmentTests.swift in Sources */,
			);
			runOnlyForDeploymentPostprocessing = 0;
		};
/* End PBXSourcesBuildPhase section */

/* Begin PBXTargetDependency section */
		4B8969862881095800C8F38A /* PBXTargetDependency */ = {
			isa = PBXTargetDependency;
			target = 4B8863822862A3ED000EE1C3 /* ProgressTracker */;
			targetProxy = 4B8969852881095800C8F38A /* PBXContainerItemProxy */;
		};
/* End PBXTargetDependency section */

/* Begin PBXVariantGroup section */
		4BA4D226287D3B7A00BA0060 /* Localizable.strings */ = {
			isa = PBXVariantGroup;
			children = (
				4BA4D225287D3B7A00BA0060 /* en */,
				4BA4D227287D3B8A00BA0060 /* es-419 */,
			);
			name = Localizable.strings;
			sourceTree = "<group>";
		};
		4BA4D22A287D3C7C00BA0060 /* Localizable.stringsdict */ = {
			isa = PBXVariantGroup;
			children = (
				4BA4D229287D3C7C00BA0060 /* en */,
				4BA4D22B287D3C8000BA0060 /* es-419 */,
			);
			name = Localizable.stringsdict;
			sourceTree = "<group>";
		};
		4BA4D22E287D3D7000BA0060 /* Awards.json */ = {
			isa = PBXVariantGroup;
			children = (
				4BA4D22F287D3D7C00BA0060 /* en */,
				4BA4D230287D3D7D00BA0060 /* es-419 */,
			);
			name = Awards.json;
			sourceTree = "<group>";
		};
/* End PBXVariantGroup section */

/* Begin XCBuildConfiguration section */
		4B88638F2862A3EF000EE1C3 /* Debug */ = {
			isa = XCBuildConfiguration;
			buildSettings = {
				ALWAYS_SEARCH_USER_PATHS = NO;
				CLANG_ANALYZER_NONNULL = YES;
				CLANG_ANALYZER_NUMBER_OBJECT_CONVERSION = YES_AGGRESSIVE;
				CLANG_CXX_LANGUAGE_STANDARD = "gnu++17";
				CLANG_ENABLE_MODULES = YES;
				CLANG_ENABLE_OBJC_ARC = YES;
				CLANG_ENABLE_OBJC_WEAK = YES;
				CLANG_WARN_BLOCK_CAPTURE_AUTORELEASING = YES;
				CLANG_WARN_BOOL_CONVERSION = YES;
				CLANG_WARN_COMMA = YES;
				CLANG_WARN_CONSTANT_CONVERSION = YES;
				CLANG_WARN_DEPRECATED_OBJC_IMPLEMENTATIONS = YES;
				CLANG_WARN_DIRECT_OBJC_ISA_USAGE = YES_ERROR;
				CLANG_WARN_DOCUMENTATION_COMMENTS = YES;
				CLANG_WARN_EMPTY_BODY = YES;
				CLANG_WARN_ENUM_CONVERSION = YES;
				CLANG_WARN_INFINITE_RECURSION = YES;
				CLANG_WARN_INT_CONVERSION = YES;
				CLANG_WARN_NON_LITERAL_NULL_CONVERSION = YES;
				CLANG_WARN_OBJC_IMPLICIT_RETAIN_SELF = YES;
				CLANG_WARN_OBJC_LITERAL_CONVERSION = YES;
				CLANG_WARN_OBJC_ROOT_CLASS = YES_ERROR;
				CLANG_WARN_QUOTED_INCLUDE_IN_FRAMEWORK_HEADER = YES;
				CLANG_WARN_RANGE_LOOP_ANALYSIS = YES;
				CLANG_WARN_STRICT_PROTOTYPES = YES;
				CLANG_WARN_SUSPICIOUS_MOVE = YES;
				CLANG_WARN_UNGUARDED_AVAILABILITY = YES_AGGRESSIVE;
				CLANG_WARN_UNREACHABLE_CODE = YES;
				CLANG_WARN__DUPLICATE_METHOD_MATCH = YES;
				COPY_PHASE_STRIP = NO;
				DEBUG_INFORMATION_FORMAT = dwarf;
				ENABLE_STRICT_OBJC_MSGSEND = YES;
				ENABLE_TESTABILITY = YES;
				GCC_C_LANGUAGE_STANDARD = gnu11;
				GCC_DYNAMIC_NO_PIC = NO;
				GCC_NO_COMMON_BLOCKS = YES;
				GCC_OPTIMIZATION_LEVEL = 0;
				GCC_PREPROCESSOR_DEFINITIONS = (
					"DEBUG=1",
					"$(inherited)",
				);
				GCC_WARN_64_TO_32_BIT_CONVERSION = YES;
				GCC_WARN_ABOUT_RETURN_TYPE = YES_ERROR;
				GCC_WARN_UNDECLARED_SELECTOR = YES;
				GCC_WARN_UNINITIALIZED_AUTOS = YES_AGGRESSIVE;
				GCC_WARN_UNUSED_FUNCTION = YES;
				GCC_WARN_UNUSED_VARIABLE = YES;
				IPHONEOS_DEPLOYMENT_TARGET = 15.5;
				MTL_ENABLE_DEBUG_INFO = INCLUDE_SOURCE;
				MTL_FAST_MATH = YES;
				ONLY_ACTIVE_ARCH = YES;
				SDKROOT = iphoneos;
				SWIFT_ACTIVE_COMPILATION_CONDITIONS = DEBUG;
				SWIFT_OPTIMIZATION_LEVEL = "-Onone";
			};
			name = Debug;
		};
		4B8863902862A3EF000EE1C3 /* Release */ = {
			isa = XCBuildConfiguration;
			buildSettings = {
				ALWAYS_SEARCH_USER_PATHS = NO;
				CLANG_ANALYZER_NONNULL = YES;
				CLANG_ANALYZER_NUMBER_OBJECT_CONVERSION = YES_AGGRESSIVE;
				CLANG_CXX_LANGUAGE_STANDARD = "gnu++17";
				CLANG_ENABLE_MODULES = YES;
				CLANG_ENABLE_OBJC_ARC = YES;
				CLANG_ENABLE_OBJC_WEAK = YES;
				CLANG_WARN_BLOCK_CAPTURE_AUTORELEASING = YES;
				CLANG_WARN_BOOL_CONVERSION = YES;
				CLANG_WARN_COMMA = YES;
				CLANG_WARN_CONSTANT_CONVERSION = YES;
				CLANG_WARN_DEPRECATED_OBJC_IMPLEMENTATIONS = YES;
				CLANG_WARN_DIRECT_OBJC_ISA_USAGE = YES_ERROR;
				CLANG_WARN_DOCUMENTATION_COMMENTS = YES;
				CLANG_WARN_EMPTY_BODY = YES;
				CLANG_WARN_ENUM_CONVERSION = YES;
				CLANG_WARN_INFINITE_RECURSION = YES;
				CLANG_WARN_INT_CONVERSION = YES;
				CLANG_WARN_NON_LITERAL_NULL_CONVERSION = YES;
				CLANG_WARN_OBJC_IMPLICIT_RETAIN_SELF = YES;
				CLANG_WARN_OBJC_LITERAL_CONVERSION = YES;
				CLANG_WARN_OBJC_ROOT_CLASS = YES_ERROR;
				CLANG_WARN_QUOTED_INCLUDE_IN_FRAMEWORK_HEADER = YES;
				CLANG_WARN_RANGE_LOOP_ANALYSIS = YES;
				CLANG_WARN_STRICT_PROTOTYPES = YES;
				CLANG_WARN_SUSPICIOUS_MOVE = YES;
				CLANG_WARN_UNGUARDED_AVAILABILITY = YES_AGGRESSIVE;
				CLANG_WARN_UNREACHABLE_CODE = YES;
				CLANG_WARN__DUPLICATE_METHOD_MATCH = YES;
				COPY_PHASE_STRIP = NO;
				DEBUG_INFORMATION_FORMAT = "dwarf-with-dsym";
				ENABLE_NS_ASSERTIONS = NO;
				ENABLE_STRICT_OBJC_MSGSEND = YES;
				GCC_C_LANGUAGE_STANDARD = gnu11;
				GCC_NO_COMMON_BLOCKS = YES;
				GCC_WARN_64_TO_32_BIT_CONVERSION = YES;
				GCC_WARN_ABOUT_RETURN_TYPE = YES_ERROR;
				GCC_WARN_UNDECLARED_SELECTOR = YES;
				GCC_WARN_UNINITIALIZED_AUTOS = YES_AGGRESSIVE;
				GCC_WARN_UNUSED_FUNCTION = YES;
				GCC_WARN_UNUSED_VARIABLE = YES;
				IPHONEOS_DEPLOYMENT_TARGET = 15.5;
				MTL_ENABLE_DEBUG_INFO = NO;
				MTL_FAST_MATH = YES;
				SDKROOT = iphoneos;
				SWIFT_COMPILATION_MODE = wholemodule;
				SWIFT_OPTIMIZATION_LEVEL = "-O";
				VALIDATE_PRODUCT = YES;
			};
			name = Release;
		};
		4B8863922862A3EF000EE1C3 /* Debug */ = {
			isa = XCBuildConfiguration;
			buildSettings = {
				ASSETCATALOG_COMPILER_APPICON_NAME = AppIcon;
				ASSETCATALOG_COMPILER_GLOBAL_ACCENT_COLOR_NAME = AccentColor;
				CODE_SIGN_STYLE = Automatic;
				CURRENT_PROJECT_VERSION = 1;
				DEVELOPMENT_ASSET_PATHS = "\"ProgressTracker/Preview Content\"";
				DEVELOPMENT_TEAM = WZB32F6QW5;
				ENABLE_PREVIEWS = YES;
				GENERATE_INFOPLIST_FILE = YES;
				INFOPLIST_FILE = ProgressTracker/Configuration/Info.plist;
				INFOPLIST_KEY_UIApplicationSceneManifest_Generation = YES;
				INFOPLIST_KEY_UIApplicationSupportsIndirectInputEvents = YES;
				INFOPLIST_KEY_UILaunchScreen_Generation = YES;
				INFOPLIST_KEY_UISupportedInterfaceOrientations_iPad = "UIInterfaceOrientationPortrait UIInterfaceOrientationPortraitUpsideDown UIInterfaceOrientationLandscapeLeft UIInterfaceOrientationLandscapeRight";
				INFOPLIST_KEY_UISupportedInterfaceOrientations_iPhone = "UIInterfaceOrientationPortrait UIInterfaceOrientationLandscapeLeft UIInterfaceOrientationLandscapeRight";
				LD_RUNPATH_SEARCH_PATHS = (
					"$(inherited)",
					"@executable_path/Frameworks",
				);
				MARKETING_VERSION = 1.0;
				PRODUCT_BUNDLE_IDENTIFIER = quezadamiguel.com.quezadamiguel.ProgressTracker;
				PRODUCT_NAME = "$(TARGET_NAME)";
				SWIFT_EMIT_LOC_STRINGS = YES;
				SWIFT_VERSION = 5.0;
				TARGETED_DEVICE_FAMILY = "1,2";
			};
			name = Debug;
		};
		4B8863932862A3EF000EE1C3 /* Release */ = {
			isa = XCBuildConfiguration;
			buildSettings = {
				ASSETCATALOG_COMPILER_APPICON_NAME = AppIcon;
				ASSETCATALOG_COMPILER_GLOBAL_ACCENT_COLOR_NAME = AccentColor;
				CODE_SIGN_STYLE = Automatic;
				CURRENT_PROJECT_VERSION = 1;
				DEVELOPMENT_ASSET_PATHS = "\"ProgressTracker/Preview Content\"";
				DEVELOPMENT_TEAM = WZB32F6QW5;
				ENABLE_PREVIEWS = YES;
				GENERATE_INFOPLIST_FILE = YES;
				INFOPLIST_FILE = ProgressTracker/Configuration/Info.plist;
				INFOPLIST_KEY_UIApplicationSceneManifest_Generation = YES;
				INFOPLIST_KEY_UIApplicationSupportsIndirectInputEvents = YES;
				INFOPLIST_KEY_UILaunchScreen_Generation = YES;
				INFOPLIST_KEY_UISupportedInterfaceOrientations_iPad = "UIInterfaceOrientationPortrait UIInterfaceOrientationPortraitUpsideDown UIInterfaceOrientationLandscapeLeft UIInterfaceOrientationLandscapeRight";
				INFOPLIST_KEY_UISupportedInterfaceOrientations_iPhone = "UIInterfaceOrientationPortrait UIInterfaceOrientationLandscapeLeft UIInterfaceOrientationLandscapeRight";
				LD_RUNPATH_SEARCH_PATHS = (
					"$(inherited)",
					"@executable_path/Frameworks",
				);
				MARKETING_VERSION = 1.0;
				PRODUCT_BUNDLE_IDENTIFIER = quezadamiguel.com.quezadamiguel.ProgressTracker;
				PRODUCT_NAME = "$(TARGET_NAME)";
				SWIFT_EMIT_LOC_STRINGS = YES;
				SWIFT_VERSION = 5.0;
				TARGETED_DEVICE_FAMILY = "1,2";
			};
			name = Release;
		};
		4B8969872881095800C8F38A /* Debug */ = {
			isa = XCBuildConfiguration;
			buildSettings = {
				BUNDLE_LOADER = "$(TEST_HOST)";
				CODE_SIGN_STYLE = Automatic;
				CURRENT_PROJECT_VERSION = 1;
				DEVELOPMENT_TEAM = WZB32F6QW5;
				GENERATE_INFOPLIST_FILE = YES;
				MARKETING_VERSION = 1.0;
				PRODUCT_BUNDLE_IDENTIFIER = quezadamiguel.com.quezadamiguel.ProgressTrackerTests;
				PRODUCT_NAME = "$(TARGET_NAME)";
				SWIFT_EMIT_LOC_STRINGS = NO;
				SWIFT_VERSION = 5.0;
				TARGETED_DEVICE_FAMILY = "1,2";
				TEST_HOST = "$(BUILT_PRODUCTS_DIR)/ProgressTracker.app/ProgressTracker";
			};
			name = Debug;
		};
		4B8969882881095800C8F38A /* Release */ = {
			isa = XCBuildConfiguration;
			buildSettings = {
				BUNDLE_LOADER = "$(TEST_HOST)";
				CODE_SIGN_STYLE = Automatic;
				CURRENT_PROJECT_VERSION = 1;
				DEVELOPMENT_TEAM = WZB32F6QW5;
				GENERATE_INFOPLIST_FILE = YES;
				MARKETING_VERSION = 1.0;
				PRODUCT_BUNDLE_IDENTIFIER = quezadamiguel.com.quezadamiguel.ProgressTrackerTests;
				PRODUCT_NAME = "$(TARGET_NAME)";
				SWIFT_EMIT_LOC_STRINGS = NO;
				SWIFT_VERSION = 5.0;
				TARGETED_DEVICE_FAMILY = "1,2";
				TEST_HOST = "$(BUILT_PRODUCTS_DIR)/ProgressTracker.app/ProgressTracker";
			};
			name = Release;
		};
/* End XCBuildConfiguration section */

/* Begin XCConfigurationList section */
		4B88637E2862A3ED000EE1C3 /* Build configuration list for PBXProject "ProgressTracker" */ = {
			isa = XCConfigurationList;
			buildConfigurations = (
				4B88638F2862A3EF000EE1C3 /* Debug */,
				4B8863902862A3EF000EE1C3 /* Release */,
			);
			defaultConfigurationIsVisible = 0;
			defaultConfigurationName = Release;
		};
		4B8863912862A3EF000EE1C3 /* Build configuration list for PBXNativeTarget "ProgressTracker" */ = {
			isa = XCConfigurationList;
			buildConfigurations = (
				4B8863922862A3EF000EE1C3 /* Debug */,
				4B8863932862A3EF000EE1C3 /* Release */,
			);
			defaultConfigurationIsVisible = 0;
			defaultConfigurationName = Release;
		};
		4B8969892881095800C8F38A /* Build configuration list for PBXNativeTarget "ProgressTrackerTests" */ = {
			isa = XCConfigurationList;
			buildConfigurations = (
				4B8969872881095800C8F38A /* Debug */,
				4B8969882881095800C8F38A /* Release */,
			);
			defaultConfigurationIsVisible = 0;
			defaultConfigurationName = Release;
		};
/* End XCConfigurationList section */

/* Begin XCVersionGroup section */
		4B8863942862A411000EE1C3 /* Main.xcdatamodeld */ = {
			isa = XCVersionGroup;
			children = (
				4B8863952862A411000EE1C3 /* Main.xcdatamodel */,
			);
			currentVersion = 4B8863952862A411000EE1C3 /* Main.xcdatamodel */;
			path = Main.xcdatamodeld;
			sourceTree = "<group>";
			versionGroupType = wrapper.xcdatamodel;
		};
/* End XCVersionGroup section */
	};
	rootObject = 4B88637B2862A3ED000EE1C3 /* Project object */;
}
